
Microsoft Visual Studio Solution File, Format Version 12.00
# Visual Studio Version 17
VisualStudioVersion = 17.3.32811.315
MinimumVisualStudioVersion = 10.0.40219.1
Project("{2150E333-8FDC-42A3-9474-1A3956D46DE8}") = "Services", "Services", "{39672F6A-B3F5-48F3-A8A5-22072C6C66A6}"
EndProject
Project("{2150E333-8FDC-42A3-9474-1A3956D46DE8}") = "Catalogue", "Catalogue", "{5FDB8074-9DCA-423B-B6E0-E8035828A3C3}"
EndProject
Project("{9A19103F-16F7-4668-BE54-9A1E7A4F7556}") = "Catalogue.API", "Services\Catalogue\Catalogue.API\Catalogue.API.csproj", "{3CBF3E6E-92F3-4D06-BAF5-5C7FB302C7C7}"
EndProject
Project("{9A19103F-16F7-4668-BE54-9A1E7A4F7556}") = "Catalogue.Core", "Services\Catalogue\Catalogue.Core\Catalogue.Core.csproj", "{4568F189-90CE-45C3-B5DA-DD379769E1D4}"
EndProject
Project("{9A19103F-16F7-4668-BE54-9A1E7A4F7556}") = "Catalogue.Application", "Services\Catalogue\Catalogue.Application\Catalogue.Application.csproj", "{9940CEA0-4EC6-41C2-8808-3386ACC29039}"
EndProject
Project("{9A19103F-16F7-4668-BE54-9A1E7A4F7556}") = "Catalogue.Infrastructure", "Services\Catalogue\Catalogue.Ifrastructure\Catalogue.Infrastructure.csproj", "{7C570A72-6387-4F15-A643-ACC8F1F898F4}"
EndProject
Project("{E53339B2-1760-4266-BCC7-CA923CBCF16C}") = "docker-compose", "docker-compose.dcproj", "{0EC4CC90-1144-4F23-AFF9-456BE8C8B7AD}"
EndProject
Project("{2150E333-8FDC-42A3-9474-1A3956D46DE8}") = "Basket", "Basket", "{533D4632-616B-4E37-A001-909EFB6CC49F}"
EndProject
Project("{9A19103F-16F7-4668-BE54-9A1E7A4F7556}") = "Basket.Application", "Services\Basket\Basket.Application\Basket.Application.csproj", "{EEA693E5-0968-491A-82E5-F63B9210FE4E}"
EndProject
Project("{9A19103F-16F7-4668-BE54-9A1E7A4F7556}") = "Basket.Core", "Services\Basket\Basket.Core\Basket.Core.csproj", "{EC423BFD-378A-4182-B90F-7E8123177E8B}"
EndProject
Project("{9A19103F-16F7-4668-BE54-9A1E7A4F7556}") = "Basket.Infrastructure", "Services\Basket\Basket.Infrastructure\Basket.Infrastructure.csproj", "{A54F6DED-B088-4029-9CC2-9E73552A7FC9}"
EndProject
Project("{9A19103F-16F7-4668-BE54-9A1E7A4F7556}") = "Basket.API", "Services\Basket\Basket.API\Basket.API.csproj", "{2AE203C7-9B13-4425-B9A5-BB759B38D3CF}"
EndProject
Project("{2150E333-8FDC-42A3-9474-1A3956D46DE8}") = "Discount", "Discount", "{7EAA1149-6CB4-40E6-87E3-BF8C218E783B}"
EndProject
Project("{9A19103F-16F7-4668-BE54-9A1E7A4F7556}") = "Discount.Core", "Services\Discount\Discount.Core\Discount.Core.csproj", "{4981D7ED-7ADF-45F1-9A88-CF7A1B5C689B}"
EndProject
Project("{9A19103F-16F7-4668-BE54-9A1E7A4F7556}") = "Discount.Infrastructure", "Services\Discount\Discount.Infrastructure\Discount.Infrastructure.csproj", "{E66D2944-C127-4726-85EB-9935B883831E}"
EndProject
Project("{9A19103F-16F7-4668-BE54-9A1E7A4F7556}") = "Discount.Application", "Services\Discount\Discount.Application\Discount.Application.csproj", "{D49080CA-916E-4384-8941-1D37CE0EFE92}"
EndProject
Project("{9A19103F-16F7-4668-BE54-9A1E7A4F7556}") = "Discount.API", "Services\Discount\Discount.API\Discount.API.csproj", "{08E27179-F8E9-4D97-A795-136EB47C0BC7}"
EndProject
Project("{2150E333-8FDC-42A3-9474-1A3956D46DE8}") = "Ordering", "Ordering", "{16289AB4-6F06-470A-B7AE-F1932EA8E9B8}"
EndProject
Project("{9A19103F-16F7-4668-BE54-9A1E7A4F7556}") = "Ordering.Core", "Services\Ordering\Ordering.Core\Ordering.Core.csproj", "{F1F425D3-3481-4343-8527-575E391D1A30}"
EndProject
Project("{9A19103F-16F7-4668-BE54-9A1E7A4F7556}") = "Ordering.Application", "Services\Ordering\Ordering.Application\Ordering.Application.csproj", "{02C8330C-4438-4082-9311-B70B5C475A78}"
EndProject
Project("{9A19103F-16F7-4668-BE54-9A1E7A4F7556}") = "Ordering.Infrastructure", "Services\Ordering\Ordering.Infrastructure\Ordering.Infrastructure.csproj", "{5E6E85D9-7E02-4CC1-A01B-C58CEAC68A41}"
EndProject
Project("{9A19103F-16F7-4668-BE54-9A1E7A4F7556}") = "Ordering.API", "Services\Ordering\Ordering.API\Ordering.API.csproj", "{3B203E1C-8511-4CA4-9180-41D04EC8B8FC}"
EndProject
Project("{2150E333-8FDC-42A3-9474-1A3956D46DE8}") = "Infrastructure", "Infrastructure", "{A033AB90-15B1-4ACB-A15B-DA755669CD7D}"
EndProject
Project("{9A19103F-16F7-4668-BE54-9A1E7A4F7556}") = "EventBus.Messages", "Infrastructure\EventBus.Messages\EventBus.Messages.csproj", "{B8D8F630-A2EB-4FC4-A630-8D1646AEF31E}"
EndProject
Project("{2150E333-8FDC-42A3-9474-1A3956D46DE8}") = "ApiGateways", "ApiGateways", "{1FB991C9-92D5-496B-A165-59F138766914}"
EndProject
Project("{9A19103F-16F7-4668-BE54-9A1E7A4F7556}") = "Ocelot.ApiGateway", "APIGateways\Ocelot.ApiGateway\Ocelot.ApiGateway.csproj", "{B65C86D9-3090-4AA1-8F07-BFC01B5487AC}"
EndProject
Project("{9A19103F-16F7-4668-BE54-9A1E7A4F7556}") = "EShpper.Identity", "Infrastructure\EShpper.Identity\EShpper.Identity.csproj", "{7CE096C8-2D75-4F0E-9AE0-D7018CA2DB44}"
EndProject
Global
	GlobalSection(SolutionConfigurationPlatforms) = preSolution
		Debug|Any CPU = Debug|Any CPU
		Release|Any CPU = Release|Any CPU
	EndGlobalSection
	GlobalSection(ProjectConfigurationPlatforms) = postSolution
		{3CBF3E6E-92F3-4D06-BAF5-5C7FB302C7C7}.Debug|Any CPU.ActiveCfg = Debug|Any CPU
		{3CBF3E6E-92F3-4D06-BAF5-5C7FB302C7C7}.Debug|Any CPU.Build.0 = Debug|Any CPU
		{3CBF3E6E-92F3-4D06-BAF5-5C7FB302C7C7}.Release|Any CPU.ActiveCfg = Release|Any CPU
		{3CBF3E6E-92F3-4D06-BAF5-5C7FB302C7C7}.Release|Any CPU.Build.0 = Release|Any CPU
		{4568F189-90CE-45C3-B5DA-DD379769E1D4}.Debug|Any CPU.ActiveCfg = Debug|Any CPU
		{4568F189-90CE-45C3-B5DA-DD379769E1D4}.Debug|Any CPU.Build.0 = Debug|Any CPU
		{4568F189-90CE-45C3-B5DA-DD379769E1D4}.Release|Any CPU.ActiveCfg = Release|Any CPU
		{4568F189-90CE-45C3-B5DA-DD379769E1D4}.Release|Any CPU.Build.0 = Release|Any CPU
		{9940CEA0-4EC6-41C2-8808-3386ACC29039}.Debug|Any CPU.ActiveCfg = Debug|Any CPU
		{9940CEA0-4EC6-41C2-8808-3386ACC29039}.Debug|Any CPU.Build.0 = Debug|Any CPU
		{9940CEA0-4EC6-41C2-8808-3386ACC29039}.Release|Any CPU.ActiveCfg = Release|Any CPU
		{9940CEA0-4EC6-41C2-8808-3386ACC29039}.Release|Any CPU.Build.0 = Release|Any CPU
		{7C570A72-6387-4F15-A643-ACC8F1F898F4}.Debug|Any CPU.ActiveCfg = Debug|Any CPU
		{7C570A72-6387-4F15-A643-ACC8F1F898F4}.Debug|Any CPU.Build.0 = Debug|Any CPU
		{7C570A72-6387-4F15-A643-ACC8F1F898F4}.Release|Any CPU.ActiveCfg = Release|Any CPU
		{7C570A72-6387-4F15-A643-ACC8F1F898F4}.Release|Any CPU.Build.0 = Release|Any CPU
		{0EC4CC90-1144-4F23-AFF9-456BE8C8B7AD}.Debug|Any CPU.ActiveCfg = Debug|Any CPU
		{0EC4CC90-1144-4F23-AFF9-456BE8C8B7AD}.Debug|Any CPU.Build.0 = Debug|Any CPU
		{0EC4CC90-1144-4F23-AFF9-456BE8C8B7AD}.Release|Any CPU.ActiveCfg = Release|Any CPU
		{0EC4CC90-1144-4F23-AFF9-456BE8C8B7AD}.Release|Any CPU.Build.0 = Release|Any CPU
		{EEA693E5-0968-491A-82E5-F63B9210FE4E}.Debug|Any CPU.ActiveCfg = Debug|Any CPU
		{EEA693E5-0968-491A-82E5-F63B9210FE4E}.Debug|Any CPU.Build.0 = Debug|Any CPU
		{EEA693E5-0968-491A-82E5-F63B9210FE4E}.Release|Any CPU.ActiveCfg = Release|Any CPU
		{EEA693E5-0968-491A-82E5-F63B9210FE4E}.Release|Any CPU.Build.0 = Release|Any CPU
		{EC423BFD-378A-4182-B90F-7E8123177E8B}.Debug|Any CPU.ActiveCfg = Debug|Any CPU
		{EC423BFD-378A-4182-B90F-7E8123177E8B}.Debug|Any CPU.Build.0 = Debug|Any CPU
		{EC423BFD-378A-4182-B90F-7E8123177E8B}.Release|Any CPU.ActiveCfg = Release|Any CPU
		{EC423BFD-378A-4182-B90F-7E8123177E8B}.Release|Any CPU.Build.0 = Release|Any CPU
		{A54F6DED-B088-4029-9CC2-9E73552A7FC9}.Debug|Any CPU.ActiveCfg = Debug|Any CPU
		{A54F6DED-B088-4029-9CC2-9E73552A7FC9}.Debug|Any CPU.Build.0 = Debug|Any CPU
		{A54F6DED-B088-4029-9CC2-9E73552A7FC9}.Release|Any CPU.ActiveCfg = Release|Any CPU
		{A54F6DED-B088-4029-9CC2-9E73552A7FC9}.Release|Any CPU.Build.0 = Release|Any CPU
		{2AE203C7-9B13-4425-B9A5-BB759B38D3CF}.Debug|Any CPU.ActiveCfg = Debug|Any CPU
		{2AE203C7-9B13-4425-B9A5-BB759B38D3CF}.Debug|Any CPU.Build.0 = Debug|Any CPU
		{2AE203C7-9B13-4425-B9A5-BB759B38D3CF}.Release|Any CPU.ActiveCfg = Release|Any CPU
		{2AE203C7-9B13-4425-B9A5-BB759B38D3CF}.Release|Any CPU.Build.0 = Release|Any CPU
		{4981D7ED-7ADF-45F1-9A88-CF7A1B5C689B}.Debug|Any CPU.ActiveCfg = Debug|Any CPU
		{4981D7ED-7ADF-45F1-9A88-CF7A1B5C689B}.Debug|Any CPU.Build.0 = Debug|Any CPU
		{4981D7ED-7ADF-45F1-9A88-CF7A1B5C689B}.Release|Any CPU.ActiveCfg = Release|Any CPU
		{4981D7ED-7ADF-45F1-9A88-CF7A1B5C689B}.Release|Any CPU.Build.0 = Release|Any CPU
		{E66D2944-C127-4726-85EB-9935B883831E}.Debug|Any CPU.ActiveCfg = Debug|Any CPU
		{E66D2944-C127-4726-85EB-9935B883831E}.Debug|Any CPU.Build.0 = Debug|Any CPU
		{E66D2944-C127-4726-85EB-9935B883831E}.Release|Any CPU.ActiveCfg = Release|Any CPU
		{E66D2944-C127-4726-85EB-9935B883831E}.Release|Any CPU.Build.0 = Release|Any CPU
		{D49080CA-916E-4384-8941-1D37CE0EFE92}.Debug|Any CPU.ActiveCfg = Debug|Any CPU
		{D49080CA-916E-4384-8941-1D37CE0EFE92}.Debug|Any CPU.Build.0 = Debug|Any CPU
		{D49080CA-916E-4384-8941-1D37CE0EFE92}.Release|Any CPU.ActiveCfg = Release|Any CPU
		{D49080CA-916E-4384-8941-1D37CE0EFE92}.Release|Any CPU.Build.0 = Release|Any CPU
		{08E27179-F8E9-4D97-A795-136EB47C0BC7}.Debug|Any CPU.ActiveCfg = Debug|Any CPU
		{08E27179-F8E9-4D97-A795-136EB47C0BC7}.Debug|Any CPU.Build.0 = Debug|Any CPU
		{08E27179-F8E9-4D97-A795-136EB47C0BC7}.Release|Any CPU.ActiveCfg = Release|Any CPU
		{08E27179-F8E9-4D97-A795-136EB47C0BC7}.Release|Any CPU.Build.0 = Release|Any CPU
		{F1F425D3-3481-4343-8527-575E391D1A30}.Debug|Any CPU.ActiveCfg = Debug|Any CPU
		{F1F425D3-3481-4343-8527-575E391D1A30}.Debug|Any CPU.Build.0 = Debug|Any CPU
		{F1F425D3-3481-4343-8527-575E391D1A30}.Release|Any CPU.ActiveCfg = Release|Any CPU
		{F1F425D3-3481-4343-8527-575E391D1A30}.Release|Any CPU.Build.0 = Release|Any CPU
		{02C8330C-4438-4082-9311-B70B5C475A78}.Debug|Any CPU.ActiveCfg = Debug|Any CPU
		{02C8330C-4438-4082-9311-B70B5C475A78}.Debug|Any CPU.Build.0 = Debug|Any CPU
		{02C8330C-4438-4082-9311-B70B5C475A78}.Release|Any CPU.ActiveCfg = Release|Any CPU
		{02C8330C-4438-4082-9311-B70B5C475A78}.Release|Any CPU.Build.0 = Release|Any CPU
		{5E6E85D9-7E02-4CC1-A01B-C58CEAC68A41}.Debug|Any CPU.ActiveCfg = Debug|Any CPU
		{5E6E85D9-7E02-4CC1-A01B-C58CEAC68A41}.Debug|Any CPU.Build.0 = Debug|Any CPU
		{5E6E85D9-7E02-4CC1-A01B-C58CEAC68A41}.Release|Any CPU.ActiveCfg = Release|Any CPU
		{5E6E85D9-7E02-4CC1-A01B-C58CEAC68A41}.Release|Any CPU.Build.0 = Release|Any CPU
		{3B203E1C-8511-4CA4-9180-41D04EC8B8FC}.Debug|Any CPU.ActiveCfg = Debug|Any CPU
		{3B203E1C-8511-4CA4-9180-41D04EC8B8FC}.Debug|Any CPU.Build.0 = Debug|Any CPU
		{3B203E1C-8511-4CA4-9180-41D04EC8B8FC}.Release|Any CPU.ActiveCfg = Release|Any CPU
		{3B203E1C-8511-4CA4-9180-41D04EC8B8FC}.Release|Any CPU.Build.0 = Release|Any CPU
		{B8D8F630-A2EB-4FC4-A630-8D1646AEF31E}.Debug|Any CPU.ActiveCfg = Debug|Any CPU
		{B8D8F630-A2EB-4FC4-A630-8D1646AEF31E}.Debug|Any CPU.Build.0 = Debug|Any CPU
		{B8D8F630-A2EB-4FC4-A630-8D1646AEF31E}.Release|Any CPU.ActiveCfg = Release|Any CPU
		{B8D8F630-A2EB-4FC4-A630-8D1646AEF31E}.Release|Any CPU.Build.0 = Release|Any CPU
		{B65C86D9-3090-4AA1-8F07-BFC01B5487AC}.Debug|Any CPU.ActiveCfg = Debug|Any CPU
		{B65C86D9-3090-4AA1-8F07-BFC01B5487AC}.Debug|Any CPU.Build.0 = Debug|Any CPU
		{B65C86D9-3090-4AA1-8F07-BFC01B5487AC}.Release|Any CPU.ActiveCfg = Release|Any CPU
		{B65C86D9-3090-4AA1-8F07-BFC01B5487AC}.Release|Any CPU.Build.0 = Release|Any CPU
		{7CE096C8-2D75-4F0E-9AE0-D7018CA2DB44}.Debug|Any CPU.ActiveCfg = Debug|Any CPU
		{7CE096C8-2D75-4F0E-9AE0-D7018CA2DB44}.Debug|Any CPU.Build.0 = Debug|Any CPU
		{7CE096C8-2D75-4F0E-9AE0-D7018CA2DB44}.Release|Any CPU.ActiveCfg = Release|Any CPU
		{7CE096C8-2D75-4F0E-9AE0-D7018CA2DB44}.Release|Any CPU.Build.0 = Release|Any CPU
	EndGlobalSection
	GlobalSection(SolutionProperties) = preSolution
		HideSolutionNode = FALSE
	EndGlobalSection
	GlobalSection(NestedProjects) = preSolution
		{5FDB8074-9DCA-423B-B6E0-E8035828A3C3} = {39672F6A-B3F5-48F3-A8A5-22072C6C66A6}
		{3CBF3E6E-92F3-4D06-BAF5-5C7FB302C7C7} = {5FDB8074-9DCA-423B-B6E0-E8035828A3C3}
		{4568F189-90CE-45C3-B5DA-DD379769E1D4} = {5FDB8074-9DCA-423B-B6E0-E8035828A3C3}
		{9940CEA0-4EC6-41C2-8808-3386ACC29039} = {5FDB8074-9DCA-423B-B6E0-E8035828A3C3}
		{7C570A72-6387-4F15-A643-ACC8F1F898F4} = {5FDB8074-9DCA-423B-B6E0-E8035828A3C3}
		{533D4632-616B-4E37-A001-909EFB6CC49F} = {39672F6A-B3F5-48F3-A8A5-22072C6C66A6}
		{EEA693E5-0968-491A-82E5-F63B9210FE4E} = {533D4632-616B-4E37-A001-909EFB6CC49F}
		{EC423BFD-378A-4182-B90F-7E8123177E8B} = {533D4632-616B-4E37-A001-909EFB6CC49F}
		{A54F6DED-B088-4029-9CC2-9E73552A7FC9} = {533D4632-616B-4E37-A001-909EFB6CC49F}
		{2AE203C7-9B13-4425-B9A5-BB759B38D3CF} = {533D4632-616B-4E37-A001-909EFB6CC49F}
		{7EAA1149-6CB4-40E6-87E3-BF8C218E783B} = {39672F6A-B3F5-48F3-A8A5-22072C6C66A6}
		{4981D7ED-7ADF-45F1-9A88-CF7A1B5C689B} = {7EAA1149-6CB4-40E6-87E3-BF8C218E783B}
		{E66D2944-C127-4726-85EB-9935B883831E} = {7EAA1149-6CB4-40E6-87E3-BF8C218E783B}
		{D49080CA-916E-4384-8941-1D37CE0EFE92} = {7EAA1149-6CB4-40E6-87E3-BF8C218E783B}
		{08E27179-F8E9-4D97-A795-136EB47C0BC7} = {7EAA1149-6CB4-40E6-87E3-BF8C218E783B}
		{16289AB4-6F06-470A-B7AE-F1932EA8E9B8} = {39672F6A-B3F5-48F3-A8A5-22072C6C66A6}
		{F1F425D3-3481-4343-8527-575E391D1A30} = {16289AB4-6F06-470A-B7AE-F1932EA8E9B8}
		{02C8330C-4438-4082-9311-B70B5C475A78} = {16289AB4-6F06-470A-B7AE-F1932EA8E9B8}
		{5E6E85D9-7E02-4CC1-A01B-C58CEAC68A41} = {16289AB4-6F06-470A-B7AE-F1932EA8E9B8}
		{3B203E1C-8511-4CA4-9180-41D04EC8B8FC} = {16289AB4-6F06-470A-B7AE-F1932EA8E9B8}
		{B8D8F630-A2EB-4FC4-A630-8D1646AEF31E} = {A033AB90-15B1-4ACB-A15B-DA755669CD7D}
		{B65C86D9-3090-4AA1-8F07-BFC01B5487AC} = {1FB991C9-92D5-496B-A165-59F138766914}
		{7CE096C8-2D75-4F0E-9AE0-D7018CA2DB44} = {A033AB90-15B1-4ACB-A15B-DA755669CD7D}
	EndGlobalSection
	GlobalSection(ExtensibilityGlobals) = postSolution
		SolutionGuid = {24B961C0-8C6F-4A7C-B564-022865BDBBA7}
	EndGlobalSection
EndGlobal
